// !$*UTF8*$!
{
	archiveVersion = 1;
	classes = {
	};
	objectVersion = 46;
	objects = {

/* Begin PBXBuildFile section */
		39D8B8F27AF36107BF2A7B2A /* Pods_ChopTests.framework in Frameworks */ = {isa = PBXBuildFile; fileRef = 5AB927453A27810512D3B605 /* Pods_ChopTests.framework */; };
		607FACEC1AFB9204008FA782 /* TaskTests.swift in Sources */ = {isa = PBXBuildFile; fileRef = 607FACEB1AFB9204008FA782 /* TaskTests.swift */; };
		DF055C951C9AFF94009474E6 /* TaskThreadingTests.swift in Sources */ = {isa = PBXBuildFile; fileRef = DF055C931C9AFF4C009474E6 /* TaskThreadingTests.swift */; };
		DF6AA5B71C940DC30032998D /* TaskGroupTests.swift in Sources */ = {isa = PBXBuildFile; fileRef = DF6AA5B51C940D7D0032998D /* TaskGroupTests.swift */; };
		DF6AA5BC1C94258C0032998D /* TaskFunctionalTests.swift in Sources */ = {isa = PBXBuildFile; fileRef = DF6AA5BA1C9425620032998D /* TaskFunctionalTests.swift */; };
		DFD4AF67200BBDFF00383388 /* AppDelegate.swift in Sources */ = {isa = PBXBuildFile; fileRef = DFD4AF66200BBDFF00383388 /* AppDelegate.swift */; };
		DFD4AF69200BBDFF00383388 /* ViewController.swift in Sources */ = {isa = PBXBuildFile; fileRef = DFD4AF68200BBDFF00383388 /* ViewController.swift */; };
		DFD4AF6C200BBDFF00383388 /* Main.storyboard in Resources */ = {isa = PBXBuildFile; fileRef = DFD4AF6A200BBDFF00383388 /* Main.storyboard */; };
		DFD4AF6E200BBDFF00383388 /* Assets.xcassets in Resources */ = {isa = PBXBuildFile; fileRef = DFD4AF6D200BBDFF00383388 /* Assets.xcassets */; };
		DFD4AF71200BBDFF00383388 /* LaunchScreen.storyboard in Resources */ = {isa = PBXBuildFile; fileRef = DFD4AF6F200BBDFF00383388 /* LaunchScreen.storyboard */; };
/* End PBXBuildFile section */

/* Begin PBXContainerItemProxy section */
		DFD4AF76200BBE2700383388 /* PBXContainerItemProxy */ = {
			isa = PBXContainerItemProxy;
			containerPortal = 607FACC81AFB9204008FA782 /* Project object */;
			proxyType = 1;
			remoteGlobalIDString = DFD4AF63200BBDFF00383388;
			remoteInfo = ChopExample;
		};
/* End PBXContainerItemProxy section */

/* Begin PBXFileReference section */
		15877075FF7FA5F953E0F271 /* Pods-Chop_Tests.release.xcconfig */ = {isa = PBXFileReference; includeInIndex = 1; lastKnownFileType = text.xcconfig; name = "Pods-Chop_Tests.release.xcconfig"; path = "Pods/Target Support Files/Pods-Chop_Tests/Pods-Chop_Tests.release.xcconfig"; sourceTree = "<group>"; };
		43FB853D3A41574050DFCE27 /* Pods-Chop_Example.release.xcconfig */ = {isa = PBXFileReference; includeInIndex = 1; lastKnownFileType = text.xcconfig; name = "Pods-Chop_Example.release.xcconfig"; path = "Pods/Target Support Files/Pods-Chop_Example/Pods-Chop_Example.release.xcconfig"; sourceTree = "<group>"; };
		5AB927453A27810512D3B605 /* Pods_ChopTests.framework */ = {isa = PBXFileReference; explicitFileType = wrapper.framework; includeInIndex = 0; path = Pods_ChopTests.framework; sourceTree = BUILT_PRODUCTS_DIR; };
		5D7C86CB649C67AD0B9F37EA /* Pods_Chop_Example.framework */ = {isa = PBXFileReference; explicitFileType = wrapper.framework; includeInIndex = 0; path = Pods_Chop_Example.framework; sourceTree = BUILT_PRODUCTS_DIR; };
		607FACE51AFB9204008FA782 /* ChopTests.xctest */ = {isa = PBXFileReference; explicitFileType = wrapper.cfbundle; includeInIndex = 0; path = ChopTests.xctest; sourceTree = BUILT_PRODUCTS_DIR; };
		607FACEA1AFB9204008FA782 /* Info.plist */ = {isa = PBXFileReference; lastKnownFileType = text.plist.xml; path = Info.plist; sourceTree = "<group>"; };
		607FACEB1AFB9204008FA782 /* TaskTests.swift */ = {isa = PBXFileReference; indentWidth = 2; lastKnownFileType = sourcecode.swift; path = TaskTests.swift; sourceTree = "<group>"; tabWidth = 2; };
		7E1D069B7B28C0D8C7B0B752 /* Pods-Chop_Tests.debug.xcconfig */ = {isa = PBXFileReference; includeInIndex = 1; lastKnownFileType = text.xcconfig; name = "Pods-Chop_Tests.debug.xcconfig"; path = "Pods/Target Support Files/Pods-Chop_Tests/Pods-Chop_Tests.debug.xcconfig"; sourceTree = "<group>"; };
		B5830F63968EC84967A2CE03 /* Pods-Chop_Example.debug.xcconfig */ = {isa = PBXFileReference; includeInIndex = 1; lastKnownFileType = text.xcconfig; name = "Pods-Chop_Example.debug.xcconfig"; path = "Pods/Target Support Files/Pods-Chop_Example/Pods-Chop_Example.debug.xcconfig"; sourceTree = "<group>"; };
		C4B6A5B561DDDE21FF3D955F /* Pods-ChopTests.release.xcconfig */ = {isa = PBXFileReference; includeInIndex = 1; lastKnownFileType = text.xcconfig; name = "Pods-ChopTests.release.xcconfig"; path = "Pods/Target Support Files/Pods-ChopTests/Pods-ChopTests.release.xcconfig"; sourceTree = "<group>"; };
		CA6F1A761C86B5FF1CF9FC94 /* Pods_Chop_Tests.framework */ = {isa = PBXFileReference; explicitFileType = wrapper.framework; includeInIndex = 0; path = Pods_Chop_Tests.framework; sourceTree = BUILT_PRODUCTS_DIR; };
		D07CFB7B5926F213FDAA091F /* Chop.podspec */ = {isa = PBXFileReference; explicitFileType = text.script.ruby; includeInIndex = 1; name = Chop.podspec; path = ../Chop.podspec; sourceTree = "<group>"; };
		D268E6F52B03C0AE38C5E4D4 /* Pods-ChopTests.debug.xcconfig */ = {isa = PBXFileReference; includeInIndex = 1; lastKnownFileType = text.xcconfig; name = "Pods-ChopTests.debug.xcconfig"; path = "Pods/Target Support Files/Pods-ChopTests/Pods-ChopTests.debug.xcconfig"; sourceTree = "<group>"; };
		DC02919535C37ABE6E3F4EB3 /* LICENSE */ = {isa = PBXFileReference; includeInIndex = 1; lastKnownFileType = text; name = LICENSE; path = ../LICENSE; sourceTree = "<group>"; };
		DF055C931C9AFF4C009474E6 /* TaskThreadingTests.swift */ = {isa = PBXFileReference; fileEncoding = 4; lastKnownFileType = sourcecode.swift; path = TaskThreadingTests.swift; sourceTree = "<group>"; };
		DF6AA5B51C940D7D0032998D /* TaskGroupTests.swift */ = {isa = PBXFileReference; fileEncoding = 4; indentWidth = 2; lastKnownFileType = sourcecode.swift; path = TaskGroupTests.swift; sourceTree = "<group>"; tabWidth = 2; };
		DF6AA5BA1C9425620032998D /* TaskFunctionalTests.swift */ = {isa = PBXFileReference; fileEncoding = 4; lastKnownFileType = sourcecode.swift; path = TaskFunctionalTests.swift; sourceTree = "<group>"; };
		DFD4AF64200BBDFF00383388 /* ChopExample.app */ = {isa = PBXFileReference; explicitFileType = wrapper.application; includeInIndex = 0; path = ChopExample.app; sourceTree = BUILT_PRODUCTS_DIR; };
		DFD4AF66200BBDFF00383388 /* AppDelegate.swift */ = {isa = PBXFileReference; lastKnownFileType = sourcecode.swift; path = AppDelegate.swift; sourceTree = "<group>"; };
		DFD4AF68200BBDFF00383388 /* ViewController.swift */ = {isa = PBXFileReference; lastKnownFileType = sourcecode.swift; path = ViewController.swift; sourceTree = "<group>"; };
		DFD4AF6B200BBDFF00383388 /* Base */ = {isa = PBXFileReference; lastKnownFileType = file.storyboard; name = Base; path = Base.lproj/Main.storyboard; sourceTree = "<group>"; };
		DFD4AF6D200BBDFF00383388 /* Assets.xcassets */ = {isa = PBXFileReference; lastKnownFileType = folder.assetcatalog; path = Assets.xcassets; sourceTree = "<group>"; };
		DFD4AF70200BBDFF00383388 /* Base */ = {isa = PBXFileReference; lastKnownFileType = file.storyboard; name = Base; path = Base.lproj/LaunchScreen.storyboard; sourceTree = "<group>"; };
		DFD4AF72200BBDFF00383388 /* Info.plist */ = {isa = PBXFileReference; lastKnownFileType = text.plist.xml; path = Info.plist; sourceTree = "<group>"; };
		F7A48E67AFD119DED50FA008 /* README.md */ = {isa = PBXFileReference; includeInIndex = 1; lastKnownFileType = net.daringfireball.markdown; name = README.md; path = ../README.md; sourceTree = "<group>"; };
/* End PBXFileReference section */

/* Begin PBXFrameworksBuildPhase section */
		607FACE21AFB9204008FA782 /* Frameworks */ = {
			isa = PBXFrameworksBuildPhase;
			buildActionMask = 2147483647;
			files = (
				5AFC61C71790722D1006B422 /* Pods_Chop_Tests.framework in Frameworks */,
				39D8B8F27AF36107BF2A7B2A /* Pods_ChopTests.framework in Frameworks */,
			);
			runOnlyForDeploymentPostprocessing = 0;
		};
		DFD4AF61200BBDFF00383388 /* Frameworks */ = {
			isa = PBXFrameworksBuildPhase;
			buildActionMask = 2147483647;
			files = (
			);
			runOnlyForDeploymentPostprocessing = 0;
		};
/* End PBXFrameworksBuildPhase section */

/* Begin PBXGroup section */
		607FACC71AFB9204008FA782 = {
			isa = PBXGroup;
			children = (
				607FACF51AFB993E008FA782 /* Podspec Metadata */,
				607FACE81AFB9204008FA782 /* Tests */,
				DFD4AF65200BBDFF00383388 /* ChopExample */,
				607FACD11AFB9204008FA782 /* Products */,
				7412D4D003864284BB21C62E /* Pods */,
				FFBF9A6EFD65167B3025072B /* Frameworks */,
			);
			indentWidth = 2;
			sourceTree = "<group>";
			tabWidth = 2;
		};
		607FACD11AFB9204008FA782 /* Products */ = {
			isa = PBXGroup;
			children = (
				607FACE51AFB9204008FA782 /* ChopTests.xctest */,
				DFD4AF64200BBDFF00383388 /* ChopExample.app */,
			);
			name = Products;
			sourceTree = "<group>";
		};
		607FACE81AFB9204008FA782 /* Tests */ = {
			isa = PBXGroup;
			children = (
				607FACEB1AFB9204008FA782 /* TaskTests.swift */,
				DF6AA5BA1C9425620032998D /* TaskFunctionalTests.swift */,
				DF055C931C9AFF4C009474E6 /* TaskThreadingTests.swift */,
				DF6AA5B51C940D7D0032998D /* TaskGroupTests.swift */,
				607FACE91AFB9204008FA782 /* Supporting Files */,
			);
			name = Tests;
			sourceTree = "<group>";
		};
		607FACE91AFB9204008FA782 /* Supporting Files */ = {
			isa = PBXGroup;
			children = (
				607FACEA1AFB9204008FA782 /* Info.plist */,
			);
			name = "Supporting Files";
			sourceTree = "<group>";
		};
		607FACF51AFB993E008FA782 /* Podspec Metadata */ = {
			isa = PBXGroup;
			children = (
				D07CFB7B5926F213FDAA091F /* Chop.podspec */,
				F7A48E67AFD119DED50FA008 /* README.md */,
				DC02919535C37ABE6E3F4EB3 /* LICENSE */,
			);
			name = "Podspec Metadata";
			sourceTree = "<group>";
		};
		7412D4D003864284BB21C62E /* Pods */ = {
			isa = PBXGroup;
			children = (
				B5830F63968EC84967A2CE03 /* Pods-Chop_Example.debug.xcconfig */,
				43FB853D3A41574050DFCE27 /* Pods-Chop_Example.release.xcconfig */,
				7E1D069B7B28C0D8C7B0B752 /* Pods-Chop_Tests.debug.xcconfig */,
				15877075FF7FA5F953E0F271 /* Pods-Chop_Tests.release.xcconfig */,
				D268E6F52B03C0AE38C5E4D4 /* Pods-ChopTests.debug.xcconfig */,
				C4B6A5B561DDDE21FF3D955F /* Pods-ChopTests.release.xcconfig */,
			);
			name = Pods;
			sourceTree = "<group>";
		};
		DFD4AF65200BBDFF00383388 /* ChopExample */ = {
			isa = PBXGroup;
			children = (
				DFD4AF66200BBDFF00383388 /* AppDelegate.swift */,
				DFD4AF68200BBDFF00383388 /* ViewController.swift */,
				DFD4AF6A200BBDFF00383388 /* Main.storyboard */,
				DFD4AF6D200BBDFF00383388 /* Assets.xcassets */,
				DFD4AF6F200BBDFF00383388 /* LaunchScreen.storyboard */,
				DFD4AF72200BBDFF00383388 /* Info.plist */,
			);
			path = ChopExample;
			sourceTree = "<group>";
		};
		FFBF9A6EFD65167B3025072B /* Frameworks */ = {
			isa = PBXGroup;
			children = (
				5D7C86CB649C67AD0B9F37EA /* Pods_Chop_Example.framework */,
				CA6F1A761C86B5FF1CF9FC94 /* Pods_Chop_Tests.framework */,
				5AB927453A27810512D3B605 /* Pods_ChopTests.framework */,
			);
			name = Frameworks;
			sourceTree = "<group>";
		};
/* End PBXGroup section */

/* Begin PBXNativeTarget section */
		607FACE41AFB9204008FA782 /* ChopTests */ = {
			isa = PBXNativeTarget;
			buildConfigurationList = 607FACF21AFB9204008FA782 /* Build configuration list for PBXNativeTarget "ChopTests" */;
			buildPhases = (
				989A2C474258C827BC8A5B9A /* [CP] Check Pods Manifest.lock */,
				607FACE11AFB9204008FA782 /* Sources */,
				607FACE21AFB9204008FA782 /* Frameworks */,
				607FACE31AFB9204008FA782 /* Resources */,
				9CDE670A4E196CD1BC079C5B /* [CP] Embed Pods Frameworks */,
				EFB64FA1EDBF3FFA512B46F2 /* [CP] Copy Pods Resources */,
				DFD4AF5F200BB64600383388 /* Swift Lint */,
			);
			buildRules = (
			);
			dependencies = (
				DFD4AF77200BBE2700383388 /* PBXTargetDependency */,
			);
			name = ChopTests;
			productName = Tests;
			productReference = 607FACE51AFB9204008FA782 /* ChopTests.xctest */;
			productType = "com.apple.product-type.bundle.unit-test";
		};
		DFD4AF63200BBDFF00383388 /* ChopExample */ = {
			isa = PBXNativeTarget;
			buildConfigurationList = DFD4AF73200BBDFF00383388 /* Build configuration list for PBXNativeTarget "ChopExample" */;
			buildPhases = (
				DFD4AF60200BBDFF00383388 /* Sources */,
				DFD4AF61200BBDFF00383388 /* Frameworks */,
				DFD4AF62200BBDFF00383388 /* Resources */,
			);
			buildRules = (
			);
			dependencies = (
			);
			name = ChopExample;
			productName = ChopExample;
			productReference = DFD4AF64200BBDFF00383388 /* ChopExample.app */;
			productType = "com.apple.product-type.application";
		};
/* End PBXNativeTarget section */

/* Begin PBXProject section */
		607FACC81AFB9204008FA782 /* Project object */ = {
			isa = PBXProject;
			attributes = {
				LastSwiftUpdateCheck = 0920;
				LastUpgradeCheck = 0800;
				ORGANIZATIONNAME = CocoaPods;
				TargetAttributes = {
					607FACE41AFB9204008FA782 = {
						CreatedOnToolsVersion = 6.3.1;
						LastSwiftMigration = 0920;
						TestTargetID = DFD4AF63200BBDFF00383388;
					};
					DFD4AF63200BBDFF00383388 = {
						CreatedOnToolsVersion = 9.2;
						ProvisioningStyle = Automatic;
					};
				};
			};
			buildConfigurationList = 607FACCB1AFB9204008FA782 /* Build configuration list for PBXProject "ChopTests" */;
			compatibilityVersion = "Xcode 3.2";
			developmentRegion = English;
			hasScannedForEncodings = 0;
			knownRegions = (
				en,
				Base,
			);
			mainGroup = 607FACC71AFB9204008FA782;
			productRefGroup = 607FACD11AFB9204008FA782 /* Products */;
			projectDirPath = "";
			projectRoot = "";
			targets = (
				DFD4AF63200BBDFF00383388 /* ChopExample */,
				607FACE41AFB9204008FA782 /* ChopTests */,
			);
		};
/* End PBXProject section */

/* Begin PBXResourcesBuildPhase section */
		607FACE31AFB9204008FA782 /* Resources */ = {
			isa = PBXResourcesBuildPhase;
			buildActionMask = 2147483647;
			files = (
			);
			runOnlyForDeploymentPostprocessing = 0;
		};
		DFD4AF62200BBDFF00383388 /* Resources */ = {
			isa = PBXResourcesBuildPhase;
			buildActionMask = 2147483647;
			files = (
				DFD4AF71200BBDFF00383388 /* LaunchScreen.storyboard in Resources */,
				DFD4AF6E200BBDFF00383388 /* Assets.xcassets in Resources */,
				DFD4AF6C200BBDFF00383388 /* Main.storyboard in Resources */,
			);
			runOnlyForDeploymentPostprocessing = 0;
		};
/* End PBXResourcesBuildPhase section */

/* Begin PBXShellScriptBuildPhase section */
		989A2C474258C827BC8A5B9A /* [CP] Check Pods Manifest.lock */ = {
			isa = PBXShellScriptBuildPhase;
			buildActionMask = 2147483647;
			files = (
			);
			inputPaths = (
				"${PODS_PODFILE_DIR_PATH}/Podfile.lock",
				"${PODS_ROOT}/Manifest.lock",
			);
			name = "[CP] Check Pods Manifest.lock";
			outputPaths = (
				"$(DERIVED_FILE_DIR)/Pods-ChopTests-checkManifestLockResult.txt",
			);
			runOnlyForDeploymentPostprocessing = 0;
			shellPath = /bin/sh;
			shellScript = "diff \"${PODS_PODFILE_DIR_PATH}/Podfile.lock\" \"${PODS_ROOT}/Manifest.lock\" > /dev/null\nif [ $? != 0 ] ; then\n    # print error to STDERR\n    echo \"error: The sandbox is not in sync with the Podfile.lock. Run 'pod install' or update your CocoaPods installation.\" >&2\n    exit 1\nfi\n# This output is used by Xcode 'outputs' to avoid re-running this script phase.\necho \"SUCCESS\" > \"${SCRIPT_OUTPUT_FILE_0}\"\n";
			showEnvVarsInLog = 0;
		};
		9CDE670A4E196CD1BC079C5B /* [CP] Embed Pods Frameworks */ = {
			isa = PBXShellScriptBuildPhase;
			buildActionMask = 2147483647;
			files = (
			);
			inputPaths = (
				"${SRCROOT}/Pods/Target Support Files/Pods-ChopTests/Pods-ChopTests-frameworks.sh",
				"${BUILT_PRODUCTS_DIR}/Chop/Chop.framework",
			);
			name = "[CP] Embed Pods Frameworks";
			outputPaths = (
				"${TARGET_BUILD_DIR}/${FRAMEWORKS_FOLDER_PATH}/Chop.framework",
			);
			runOnlyForDeploymentPostprocessing = 0;
			shellPath = /bin/sh;
			shellScript = "\"${SRCROOT}/Pods/Target Support Files/Pods-ChopTests/Pods-ChopTests-frameworks.sh\"\n";
			showEnvVarsInLog = 0;
		};
		DFD4AF5F200BB64600383388 /* Swift Lint */ = {
			isa = PBXShellScriptBuildPhase;
			buildActionMask = 2147483647;
			files = (
			);
			inputPaths = (
			);
			name = "Swift Lint";
			outputPaths = (
			);
			runOnlyForDeploymentPostprocessing = 0;
			shellPath = /bin/sh;
			shellScript = "if which swiftlint >/dev/null; then\nswiftlint\nelse\necho \"warning: SwiftLint not installed, download from https://github.com/realm/SwiftLint\"\nfi";
		};
		EFB64FA1EDBF3FFA512B46F2 /* [CP] Copy Pods Resources */ = {
			isa = PBXShellScriptBuildPhase;
			buildActionMask = 2147483647;
			files = (
			);
			inputPaths = (
			);
			name = "[CP] Copy Pods Resources";
			outputPaths = (
			);
			runOnlyForDeploymentPostprocessing = 0;
			shellPath = /bin/sh;
			shellScript = "\"${SRCROOT}/Pods/Target Support Files/Pods-ChopTests/Pods-ChopTests-resources.sh\"\n";
			showEnvVarsInLog = 0;
		};
/* End PBXShellScriptBuildPhase section */

/* Begin PBXSourcesBuildPhase section */
		607FACE11AFB9204008FA782 /* Sources */ = {
			isa = PBXSourcesBuildPhase;
			buildActionMask = 2147483647;
			files = (
				DF6AA5BC1C94258C0032998D /* TaskFunctionalTests.swift in Sources */,
				DF6AA5B71C940DC30032998D /* TaskGroupTests.swift in Sources */,
				607FACEC1AFB9204008FA782 /* TaskTests.swift in Sources */,
				DF055C951C9AFF94009474E6 /* TaskThreadingTests.swift in Sources */,
			);
			runOnlyForDeploymentPostprocessing = 0;
		};
		DFD4AF60200BBDFF00383388 /* Sources */ = {
			isa = PBXSourcesBuildPhase;
			buildActionMask = 2147483647;
			files = (
				DFD4AF69200BBDFF00383388 /* ViewController.swift in Sources */,
				DFD4AF67200BBDFF00383388 /* AppDelegate.swift in Sources */,
			);
			runOnlyForDeploymentPostprocessing = 0;
		};
/* End PBXSourcesBuildPhase section */

/* Begin PBXTargetDependency section */
		DFD4AF77200BBE2700383388 /* PBXTargetDependency */ = {
			isa = PBXTargetDependency;
			target = DFD4AF63200BBDFF00383388 /* ChopExample */;
			targetProxy = DFD4AF76200BBE2700383388 /* PBXContainerItemProxy */;
		};
/* End PBXTargetDependency section */

/* Begin PBXVariantGroup section */
		DFD4AF6A200BBDFF00383388 /* Main.storyboard */ = {
			isa = PBXVariantGroup;
			children = (
				DFD4AF6B200BBDFF00383388 /* Base */,
			);
			name = Main.storyboard;
			sourceTree = "<group>";
		};
		DFD4AF6F200BBDFF00383388 /* LaunchScreen.storyboard */ = {
			isa = PBXVariantGroup;
			children = (
				DFD4AF70200BBDFF00383388 /* Base */,
			);
			name = LaunchScreen.storyboard;
			sourceTree = "<group>";
		};
/* End PBXVariantGroup section */

/* Begin XCBuildConfiguration section */
		607FACED1AFB9204008FA782 /* Debug */ = {
			isa = XCBuildConfiguration;
			buildSettings = {
				ALWAYS_SEARCH_USER_PATHS = NO;
				CLANG_CXX_LANGUAGE_STANDARD = "gnu++0x";
				CLANG_CXX_LIBRARY = "libc++";
				CLANG_ENABLE_MODULES = YES;
				CLANG_ENABLE_OBJC_ARC = YES;
				CLANG_WARN_BOOL_CONVERSION = YES;
				CLANG_WARN_CONSTANT_CONVERSION = YES;
				CLANG_WARN_DIRECT_OBJC_ISA_USAGE = YES_ERROR;
				CLANG_WARN_EMPTY_BODY = YES;
				CLANG_WARN_ENUM_CONVERSION = YES;
				CLANG_WARN_INFINITE_RECURSION = YES;
				CLANG_WARN_INT_CONVERSION = YES;
				CLANG_WARN_OBJC_ROOT_CLASS = YES_ERROR;
				CLANG_WARN_SUSPICIOUS_MOVE = YES;
				CLANG_WARN_UNREACHABLE_CODE = YES;
				CLANG_WARN__DUPLICATE_METHOD_MATCH = YES;
				"CODE_SIGN_IDENTITY[sdk=iphoneos*]" = "iPhone Developer";
				COPY_PHASE_STRIP = NO;
				DEBUG_INFORMATION_FORMAT = "dwarf-with-dsym";
				ENABLE_STRICT_OBJC_MSGSEND = YES;
				ENABLE_TESTABILITY = YES;
				GCC_C_LANGUAGE_STANDARD = gnu99;
				GCC_DYNAMIC_NO_PIC = NO;
				GCC_NO_COMMON_BLOCKS = YES;
				GCC_OPTIMIZATION_LEVEL = 0;
				GCC_PREPROCESSOR_DEFINITIONS = (
					"DEBUG=1",
					"$(inherited)",
				);
				GCC_SYMBOLS_PRIVATE_EXTERN = NO;
				GCC_WARN_64_TO_32_BIT_CONVERSION = YES;
				GCC_WARN_ABOUT_RETURN_TYPE = YES_ERROR;
				GCC_WARN_UNDECLARED_SELECTOR = YES;
				GCC_WARN_UNINITIALIZED_AUTOS = YES_AGGRESSIVE;
				GCC_WARN_UNUSED_FUNCTION = YES;
				GCC_WARN_UNUSED_VARIABLE = YES;
				IPHONEOS_DEPLOYMENT_TARGET = 8.3;
				MTL_ENABLE_DEBUG_INFO = YES;
				ONLY_ACTIVE_ARCH = YES;
				SDKROOT = iphoneos;
				SWIFT_OPTIMIZATION_LEVEL = "-Onone";
				SWIFT_VERSION = 3.0;
			};
			name = Debug;
		};
		607FACEE1AFB9204008FA782 /* Release */ = {
			isa = XCBuildConfiguration;
			buildSettings = {
				ALWAYS_SEARCH_USER_PATHS = NO;
				CLANG_CXX_LANGUAGE_STANDARD = "gnu++0x";
				CLANG_CXX_LIBRARY = "libc++";
				CLANG_ENABLE_MODULES = YES;
				CLANG_ENABLE_OBJC_ARC = YES;
				CLANG_WARN_BOOL_CONVERSION = YES;
				CLANG_WARN_CONSTANT_CONVERSION = YES;
				CLANG_WARN_DIRECT_OBJC_ISA_USAGE = YES_ERROR;
				CLANG_WARN_EMPTY_BODY = YES;
				CLANG_WARN_ENUM_CONVERSION = YES;
				CLANG_WARN_INFINITE_RECURSION = YES;
				CLANG_WARN_INT_CONVERSION = YES;
				CLANG_WARN_OBJC_ROOT_CLASS = YES_ERROR;
				CLANG_WARN_SUSPICIOUS_MOVE = YES;
				CLANG_WARN_UNREACHABLE_CODE = YES;
				CLANG_WARN__DUPLICATE_METHOD_MATCH = YES;
				"CODE_SIGN_IDENTITY[sdk=iphoneos*]" = "iPhone Developer";
				COPY_PHASE_STRIP = NO;
				DEBUG_INFORMATION_FORMAT = "dwarf-with-dsym";
				ENABLE_NS_ASSERTIONS = NO;
				ENABLE_STRICT_OBJC_MSGSEND = YES;
				GCC_C_LANGUAGE_STANDARD = gnu99;
				GCC_NO_COMMON_BLOCKS = YES;
				GCC_WARN_64_TO_32_BIT_CONVERSION = YES;
				GCC_WARN_ABOUT_RETURN_TYPE = YES_ERROR;
				GCC_WARN_UNDECLARED_SELECTOR = YES;
				GCC_WARN_UNINITIALIZED_AUTOS = YES_AGGRESSIVE;
				GCC_WARN_UNUSED_FUNCTION = YES;
				GCC_WARN_UNUSED_VARIABLE = YES;
				IPHONEOS_DEPLOYMENT_TARGET = 8.3;
				MTL_ENABLE_DEBUG_INFO = NO;
				SDKROOT = iphoneos;
				SWIFT_OPTIMIZATION_LEVEL = "-Owholemodule";
				SWIFT_VERSION = 3.0;
				VALIDATE_PRODUCT = YES;
			};
			name = Release;
		};
		607FACF31AFB9204008FA782 /* Debug */ = {
			isa = XCBuildConfiguration;
			baseConfigurationReference = D268E6F52B03C0AE38C5E4D4 /* Pods-ChopTests.debug.xcconfig */;
			buildSettings = {
				FRAMEWORK_SEARCH_PATHS = (
					"$(SDKROOT)/Developer/Library/Frameworks",
					"$(inherited)",
				);
				GCC_PREPROCESSOR_DEFINITIONS = (
					"DEBUG=1",
					"$(inherited)",
				);
				INFOPLIST_FILE = Info.plist;
				LD_RUNPATH_SEARCH_PATHS = "$(inherited) @executable_path/Frameworks @loader_path/Frameworks";
				PRODUCT_BUNDLE_IDENTIFIER = "org.cocoapods.$(PRODUCT_NAME:rfc1034identifier)";
				PRODUCT_NAME = "$(TARGET_NAME)";
				SDKROOT = iphoneos;
				SWIFT_SWIFT3_OBJC_INFERENCE = On;
				SWIFT_VERSION = 4.0;
				TEST_HOST = "$(BUILT_PRODUCTS_DIR)/ChopExample.app/ChopExample";
			};
			name = Debug;
		};
		607FACF41AFB9204008FA782 /* Release */ = {
			isa = XCBuildConfiguration;
			baseConfigurationReference = C4B6A5B561DDDE21FF3D955F /* Pods-ChopTests.release.xcconfig */;
			buildSettings = {
				FRAMEWORK_SEARCH_PATHS = (
					"$(SDKROOT)/Developer/Library/Frameworks",
					"$(inherited)",
				);
				INFOPLIST_FILE = Info.plist;
				LD_RUNPATH_SEARCH_PATHS = "$(inherited) @executable_path/Frameworks @loader_path/Frameworks";
				PRODUCT_BUNDLE_IDENTIFIER = "org.cocoapods.$(PRODUCT_NAME:rfc1034identifier)";
				PRODUCT_NAME = "$(TARGET_NAME)";
				SDKROOT = iphoneos;
				SWIFT_SWIFT3_OBJC_INFERENCE = On;
				SWIFT_VERSION = 4.0;
				TEST_HOST = "$(BUILT_PRODUCTS_DIR)/ChopExample.app/ChopExample";
			};
			name = Release;
		};
		DFD4AF74200BBDFF00383388 /* Debug */ = {
			isa = XCBuildConfiguration;
			buildSettings = {
				ASSETCATALOG_COMPILER_APPICON_NAME = AppIcon;
				CLANG_ANALYZER_NONNULL = YES;
				CLANG_ANALYZER_NUMBER_OBJECT_CONVERSION = YES_AGGRESSIVE;
				CLANG_CXX_LANGUAGE_STANDARD = "gnu++14";
				CLANG_WARN_BLOCK_CAPTURE_AUTORELEASING = YES;
				CLANG_WARN_COMMA = YES;
				CLANG_WARN_DOCUMENTATION_COMMENTS = YES;
				CLANG_WARN_NON_LITERAL_NULL_CONVERSION = YES;
				CLANG_WARN_OBJC_LITERAL_CONVERSION = YES;
				CLANG_WARN_RANGE_LOOP_ANALYSIS = YES;
				CLANG_WARN_STRICT_PROTOTYPES = YES;
				CLANG_WARN_UNGUARDED_AVAILABILITY = YES_AGGRESSIVE;
				CODE_SIGN_IDENTITY = "iPhone Developer";
				CODE_SIGN_STYLE = Automatic;
				DEBUG_INFORMATION_FORMAT = dwarf;
				GCC_C_LANGUAGE_STANDARD = gnu11;
				INFOPLIST_FILE = ChopExample/Info.plist;
				IPHONEOS_DEPLOYMENT_TARGET = 11.2;
				LD_RUNPATH_SEARCH_PATHS = "$(inherited) @executable_path/Frameworks";
				PRODUCT_BUNDLE_IDENTIFIER = com.ivanmoskalev.ChopExample;
				PRODUCT_NAME = "$(TARGET_NAME)";
				SWIFT_ACTIVE_COMPILATION_CONDITIONS = DEBUG;
				SWIFT_VERSION = 4.0;
				TARGETED_DEVICE_FAMILY = "1,2";
			};
			name = Debug;
		};
		DFD4AF75200BBDFF00383388 /* Release */ = {
			isa = XCBuildConfiguration;
			buildSettings = {
				ASSETCATALOG_COMPILER_APPICON_NAME = AppIcon;
				CLANG_ANALYZER_NONNULL = YES;
				CLANG_ANALYZER_NUMBER_OBJECT_CONVERSION = YES_AGGRESSIVE;
				CLANG_CXX_LANGUAGE_STANDARD = "gnu++14";
				CLANG_WARN_BLOCK_CAPTURE_AUTORELEASING = YES;
				CLANG_WARN_COMMA = YES;
				CLANG_WARN_DOCUMENTATION_COMMENTS = YES;
				CLANG_WARN_NON_LITERAL_NULL_CONVERSION = YES;
				CLANG_WARN_OBJC_LITERAL_CONVERSION = YES;
				CLANG_WARN_RANGE_LOOP_ANALYSIS = YES;
				CLANG_WARN_STRICT_PROTOTYPES = YES;
				CLANG_WARN_UNGUARDED_AVAILABILITY = YES_AGGRESSIVE;
				CODE_SIGN_IDENTITY = "iPhone Developer";
				CODE_SIGN_STYLE = Automatic;
				GCC_C_LANGUAGE_STANDARD = gnu11;
				INFOPLIST_FILE = ChopExample/Info.plist;
				IPHONEOS_DEPLOYMENT_TARGET = 11.2;
				LD_RUNPATH_SEARCH_PATHS = "$(inherited) @executable_path/Frameworks";
				PRODUCT_BUNDLE_IDENTIFIER = com.ivanmoskalev.ChopExample;
				PRODUCT_NAME = "$(TARGET_NAME)";
				SWIFT_VERSION = 4.0;
				TARGETED_DEVICE_FAMILY = "1,2";
			};
			name = Release;
		};
/* End XCBuildConfiguration section */

/* Begin XCConfigurationList section */
		607FACCB1AFB9204008FA782 /* Build configuration list for PBXProject "ChopTests" */ = {
			isa = XCConfigurationList;
			buildConfigurations = (
				607FACED1AFB9204008FA782 /* Debug */,
				607FACEE1AFB9204008FA782 /* Release */,
			);
			defaultConfigurationIsVisible = 0;
			defaultConfigurationName = Release;
		};
		607FACF21AFB9204008FA782 /* Build configuration list for PBXNativeTarget "ChopTests" */ = {
			isa = XCConfigurationList;
			buildConfigurations = (
				607FACF31AFB9204008FA782 /* Debug */,
				607FACF41AFB9204008FA782 /* Release */,
			);
			defaultConfigurationIsVisible = 0;
			defaultConfigurationName = Release;
		};
		DFD4AF73200BBDFF00383388 /* Build configuration list for PBXNativeTarget "ChopExample" */ = {
			isa = XCConfigurationList;
			buildConfigurations = (
				DFD4AF74200BBDFF00383388 /* Debug */,
				DFD4AF75200BBDFF00383388 /* Release */,
			);
			defaultConfigurationIsVisible = 0;
			defaultConfigurationName = Release;
		};
/* End XCConfigurationList section */
	};
	rootObject = 607FACC81AFB9204008FA782 /* Project object */;
}
